
Microsoft Visual Studio Solution File, Format Version 12.00
# Visual Studio Version 16
VisualStudioVersion = 25.0.1706.11
MinimumVisualStudioVersion = 10.0.40219.1
Project("{FAE04EC0-301F-11D3-BF4B-00C04F79EFBC}") = "ConsoleAppDemo", "ConsoleAppDemo.csproj", "{33014FF3-0982-44C4-90E0-1423B8F1562F}"
EndProject
Global
	GlobalSection(SolutionConfigurationPlatforms) = preSolution
		Debug|Any CPU = Debug|Any CPU
		Release|Any CPU = Release|Any CPU
	EndGlobalSection
	GlobalSection(ProjectConfigurationPlatforms) = postSolution
		{33014FF3-0982-44C4-90E0-1423B8F1562F}.Debug|Any CPU.ActiveCfg = Debug|Any CPU
		{33014FF3-0982-44C4-90E0-1423B8F1562F}.Debug|Any CPU.Build.0 = Debug|Any CPU
		{33014FF3-0982-44C4-90E0-1423B8F1562F}.Release|Any CPU.ActiveCfg = Release|Any CPU
		{33014FF3-0982-44C4-90E0-1423B8F1562F}.Release|Any CPU.Build.0 = Release|Any CPU
	EndGlobalSection
	GlobalSection(SolutionProperties) = preSolution
		HideSolutionNode = FALSE
	EndGlobalSection
	GlobalSection(ExtensibilityGlobals) = postSolution
		SolutionGuid = {73CEC5CA-91BB-4657-8E09-13A00BE14135}
	EndGlobalSection
EndGlobal
